
Microsoft Visual Studio Solution File, Format Version 12.00
# Visual Studio Version 17
VisualStudioVersion = 17.1.32328.378
MinimumVisualStudioVersion = 10.0.40219.1
Project("{9A19103F-16F7-4668-BE54-9A1E7A4F7556}") = "DataAccess", "DataAccess\DataAccess.csproj", "{4E4C27D5-DCBF-4619-BB97-68CB44BE11D4}"
EndProject
Project("{2150E333-8FDC-42A3-9474-1A3956D46DE8}") = "Presentation Layer", "Presentation Layer", "{CEFA881A-71F4-496E-8993-3069685A42B1}"
EndProject
Project("{2150E333-8FDC-42A3-9474-1A3956D46DE8}") = "Business Layer", "Business Layer", "{633DFDDD-60E0-4FAF-9667-50267FA19DA0}"
EndProject
Project("{2150E333-8FDC-42A3-9474-1A3956D46DE8}") = "Data Layer", "Data Layer", "{1760DBF5-9564-408B-AA69-089F8656B5BD}"
EndProject
Project("{9A19103F-16F7-4668-BE54-9A1E7A4F7556}") = "BusinessObject", "BusinessObject\BusinessObject.csproj", "{1B6F0818-CFE6-47C7-AB5B-F2C7712BD092}"
EndProject
Project("{9A19103F-16F7-4668-BE54-9A1E7A4F7556}") = "SalesWinApp", "SalesWinApp\SalesWinApp.csproj", "{BC22B080-062E-45FB-BF1D-DFDB9AE3A073}"
EndProject
Project("{2150E333-8FDC-42A3-9474-1A3956D46DE8}") = "Test", "Test", "{E4605093-56CC-498C-A4F6-6CE4DA4ACBE5}"
EndProject
Project("{FAE04EC0-301F-11D3-BF4B-00C04F79EFBC}") = "TestDataAccess", "TestDataAccess\TestDataAccess.csproj", "{FCCE8E19-56EE-4F7D-B172-B58F77F6DAD4}"
EndProject
Global
	GlobalSection(SolutionConfigurationPlatforms) = preSolution
		Debug|Any CPU = Debug|Any CPU
		Release|Any CPU = Release|Any CPU
	EndGlobalSection
	GlobalSection(ProjectConfigurationPlatforms) = postSolution
		{4E4C27D5-DCBF-4619-BB97-68CB44BE11D4}.Debug|Any CPU.ActiveCfg = Debug|Any CPU
		{4E4C27D5-DCBF-4619-BB97-68CB44BE11D4}.Debug|Any CPU.Build.0 = Debug|Any CPU
		{4E4C27D5-DCBF-4619-BB97-68CB44BE11D4}.Release|Any CPU.ActiveCfg = Release|Any CPU
		{4E4C27D5-DCBF-4619-BB97-68CB44BE11D4}.Release|Any CPU.Build.0 = Release|Any CPU
		{1B6F0818-CFE6-47C7-AB5B-F2C7712BD092}.Debug|Any CPU.ActiveCfg = Debug|Any CPU
		{1B6F0818-CFE6-47C7-AB5B-F2C7712BD092}.Debug|Any CPU.Build.0 = Debug|Any CPU
		{1B6F0818-CFE6-47C7-AB5B-F2C7712BD092}.Release|Any CPU.ActiveCfg = Release|Any CPU
		{1B6F0818-CFE6-47C7-AB5B-F2C7712BD092}.Release|Any CPU.Build.0 = Release|Any CPU
		{BC22B080-062E-45FB-BF1D-DFDB9AE3A073}.Debug|Any CPU.ActiveCfg = Debug|Any CPU
		{BC22B080-062E-45FB-BF1D-DFDB9AE3A073}.Debug|Any CPU.Build.0 = Debug|Any CPU
		{BC22B080-062E-45FB-BF1D-DFDB9AE3A073}.Release|Any CPU.ActiveCfg = Release|Any CPU
		{BC22B080-062E-45FB-BF1D-DFDB9AE3A073}.Release|Any CPU.Build.0 = Release|Any CPU
		{FCCE8E19-56EE-4F7D-B172-B58F77F6DAD4}.Debug|Any CPU.ActiveCfg = Debug|Any CPU
		{FCCE8E19-56EE-4F7D-B172-B58F77F6DAD4}.Debug|Any CPU.Build.0 = Debug|Any CPU
		{FCCE8E19-56EE-4F7D-B172-B58F77F6DAD4}.Release|Any CPU.ActiveCfg = Release|Any CPU
		{FCCE8E19-56EE-4F7D-B172-B58F77F6DAD4}.Release|Any CPU.Build.0 = Release|Any CPU
	EndGlobalSection
	GlobalSection(SolutionProperties) = preSolution
		HideSolutionNode = FALSE
	EndGlobalSection
	GlobalSection(NestedProjects) = preSolution
		{4E4C27D5-DCBF-4619-BB97-68CB44BE11D4} = {1760DBF5-9564-408B-AA69-089F8656B5BD}
		{1B6F0818-CFE6-47C7-AB5B-F2C7712BD092} = {633DFDDD-60E0-4FAF-9667-50267FA19DA0}
		{BC22B080-062E-45FB-BF1D-DFDB9AE3A073} = {CEFA881A-71F4-496E-8993-3069685A42B1}
		{FCCE8E19-56EE-4F7D-B172-B58F77F6DAD4} = {E4605093-56CC-498C-A4F6-6CE4DA4ACBE5}
	EndGlobalSection
	GlobalSection(ExtensibilityGlobals) = postSolution
		SolutionGuid = {CFB89202-0B9D-4B6F-9585-8DCA40DB3E17}
	EndGlobalSection
EndGlobal
